// !$*UTF8*$!
{
	archiveVersion = 1;
	classes = {
	};
	objectVersion = 46;
	objects = {

/* Begin PBXBuildFile section */
		845F50461E08074D00016665 /* AppDelegate.swift in Sources */ = {isa = PBXBuildFile; fileRef = 845F50451E08074D00016665 /* AppDelegate.swift */; };
		845F50481E08074D00016665 /* ViewController.swift in Sources */ = {isa = PBXBuildFile; fileRef = 845F50471E08074D00016665 /* ViewController.swift */; };
		845F504B1E08074D00016665 /* Main.storyboard in Resources */ = {isa = PBXBuildFile; fileRef = 845F50491E08074D00016665 /* Main.storyboard */; };
		845F504E1E08074D00016665 /* _PDAExample.xcdatamodeld in Sources */ = {isa = PBXBuildFile; fileRef = 845F504C1E08074D00016665 /* _PDAExample.xcdatamodeld */; };
		845F50501E08074D00016665 /* Assets.xcassets in Resources */ = {isa = PBXBuildFile; fileRef = 845F504F1E08074D00016665 /* Assets.xcassets */; };
		845F50531E08074D00016665 /* LaunchScreen.storyboard in Resources */ = {isa = PBXBuildFile; fileRef = 845F50511E08074D00016665 /* LaunchScreen.storyboard */; };
/* End PBXBuildFile section */

/* Begin PBXFileReference section */
		845F50421E08074C00016665 /* 4PDAExample.app */ = {isa = PBXFileReference; explicitFileType = wrapper.application; includeInIndex = 0; path = 4PDAExample.app; sourceTree = BUILT_PRODUCTS_DIR; };
		845F50451E08074D00016665 /* AppDelegate.swift */ = {isa = PBXFileReference; lastKnownFileType = sourcecode.swift; path = AppDelegate.swift; sourceTree = "<group>"; };
		845F50471E08074D00016665 /* ViewController.swift */ = {isa = PBXFileReference; lastKnownFileType = sourcecode.swift; path = ViewController.swift; sourceTree = "<group>"; };
		845F504A1E08074D00016665 /* Base */ = {isa = PBXFileReference; lastKnownFileType = file.storyboard; name = Base; path = Base.lproj/Main.storyboard; sourceTree = "<group>"; };
		845F504D1E08074D00016665 /* _PDAExample.xcdatamodel */ = {isa = PBXFileReference; lastKnownFileType = wrapper.xcdatamodel; path = _PDAExample.xcdatamodel; sourceTree = "<group>"; };
		845F504F1E08074D00016665 /* Assets.xcassets */ = {isa = PBXFileReference; lastKnownFileType = folder.assetcatalog; path = Assets.xcassets; sourceTree = "<group>"; };
		845F50521E08074D00016665 /* Base */ = {isa = PBXFileReference; lastKnownFileType = file.storyboard; name = Base; path = Base.lproj/LaunchScreen.storyboard; sourceTree = "<group>"; };
		845F50541E08074D00016665 /* Info.plist */ = {isa = PBXFileReference; lastKnownFileType = text.plist.xml; path = Info.plist; sourceTree = "<group>"; };
/* End PBXFileReference section */

/* Begin PBXFrameworksBuildPhase section */
		845F503F1E08074C00016665 /* Frameworks */ = {
			isa = PBXFrameworksBuildPhase;
			buildActionMask = 2147483647;
			files = (
			);
			runOnlyForDeploymentPostprocessing = 0;
		};
/* End PBXFrameworksBuildPhase section */

/* Begin PBXGroup section */
		845F50391E08074C00016665 = {
			isa = PBXGroup;
			children = (
				845F50441E08074C00016665 /* 4PDAExample */,
				845F50431E08074C00016665 /* Products */,
			);
			sourceTree = "<group>";
		};
		845F50431E08074C00016665 /* Products */ = {
			isa = PBXGroup;
			children = (
				845F50421E08074C00016665 /* 4PDAExample.app */,
			);
			name = Products;
			sourceTree = "<group>";
		};
		845F50441E08074C00016665 /* 4PDAExample */ = {
			isa = PBXGroup;
			children = (
				845F50451E08074D00016665 /* AppDelegate.swift */,
				845F50471E08074D00016665 /* ViewController.swift */,
				845F50491E08074D00016665 /* Main.storyboard */,
				845F504F1E08074D00016665 /* Assets.xcassets */,
				845F50511E08074D00016665 /* LaunchScreen.storyboard */,
				845F50541E08074D00016665 /* Info.plist */,
				845F504C1E08074D00016665 /* _PDAExample.xcdatamodeld */,
			);
			path = 4PDAExample;
			sourceTree = "<group>";
		};
/* End PBXGroup section */

/* Begin PBXNativeTarget section */
		845F50411E08074C00016665 /* 4PDAExample */ = {
			isa = PBXNativeTarget;
			buildConfigurationList = 845F50571E08074D00016665 /* Build configuration list for PBXNativeTarget "4PDAExample" */;
			buildPhases = (
				845F503E1E08074C00016665 /* Sources */,
				845F503F1E08074C00016665 /* Frameworks */,
				845F50401E08074C00016665 /* Resources */,
			);
			buildRules = (
			);
			dependencies = (
			);
			name = 4PDAExample;
			productName = 4PDAExample;
			productReference = 845F50421E08074C00016665 /* 4PDAExample.app */;
			productType = "com.apple.product-type.application";
		};
/* End PBXNativeTarget section */

/* Begin PBXProject section */
		845F503A1E08074C00016665 /* Project object */ = {
			isa = PBXProject;
			attributes = {
				LastSwiftUpdateCheck = 0810;
				LastUpgradeCheck = 0810;
				ORGANIZATIONNAME = Admin;
				TargetAttributes = {
					845F50411E08074C00016665 = {
						CreatedOnToolsVersion = 8.1;
						DevelopmentTeam = DRUDQFX3X3;
						ProvisioningStyle = Automatic;
					};
				};
			};
			buildConfigurationList = 845F503D1E08074C00016665 /* Build configuration list for PBXProject "4PDAExample" */;
			compatibilityVersion = "Xcode 3.2";
			developmentRegion = English;
			hasScannedForEncodings = 0;
			knownRegions = (
				en,
				Base,
			);
			mainGroup = 845F50391E08074C00016665;
			productRefGroup = 845F50431E08074C00016665 /* Products */;
			projectDirPath = "";
			projectRoot = "";
			targets = (
				845F50411E08074C00016665 /* 4PDAExample */,
			);
		};
/* End PBXProject section */

/* Begin PBXResourcesBuildPhase section */
		845F50401E08074C00016665 /* Resources */ = {
			isa = PBXResourcesBuildPhase;
			buildActionMask = 2147483647;
			files = (
				845F50531E08074D00016665 /* LaunchScreen.storyboard in Resources */,
				845F50501E08074D00016665 /* Assets.xcassets in Resources */,
				845F504B1E08074D00016665 /* Main.storyboard in Resources */,
			);
			runOnlyForDeploymentPostprocessing = 0;
		};
/* End PBXResourcesBuildPhase section */

/* Begin PBXSourcesBuildPhase section */
		845F503E1E08074C00016665 /* Sources */ = {
			isa = PBXSourcesBuildPhase;
			buildActionMask = 2147483647;
			files = (
				845F504E1E08074D00016665 /* _PDAExample.xcdatamodeld in Sources */,
				845F50481E08074D00016665 /* ViewController.swift in Sources */,
				845F50461E08074D00016665 /* AppDelegate.swift in Sources */,
			);
			runOnlyForDeploymentPostprocessing = 0;
		};
/* End PBXSourcesBuildPhase section */

/* Begin PBXVariantGroup section */
		845F50491E08074D00016665 /* Main.storyboard */ = {
			isa = PBXVariantGroup;
			children = (
				845F504A1E08074D00016665 /* Base */,
			);
			name = Main.storyboard;
			sourceTree = "<group>";
		};
		845F50511E08074D00016665 /* LaunchScreen.storyboard */ = {
			isa = PBXVariantGroup;
			children = (
				845F50521E08074D00016665 /* Base */,
			);
			name = LaunchScreen.storyboard;
			sourceTree = "<group>";
		};
/* End PBXVariantGroup section */

/* Begin XCBuildConfiguration section */
		845F50551E08074D00016665 /* Debug */ = {
			isa = XCBuildConfiguration;
			buildSettings = {
				ALWAYS_SEARCH_USER_PATHS = NO;
				CLANG_ANALYZER_NONNULL = YES;
				CLANG_CXX_LANGUAGE_STANDARD = "gnu++0x";
				CLANG_CXX_LIBRARY = "libc++";
				CLANG_ENABLE_MODULES = YES;
				CLANG_ENABLE_OBJC_ARC = YES;
				CLANG_WARN_BOOL_CONVERSION = YES;
				CLANG_WARN_CONSTANT_CONVERSION = YES;
				CLANG_WARN_DIRECT_OBJC_ISA_USAGE = YES_ERROR;
				CLANG_WARN_DOCUMENTATION_COMMENTS = YES;
				CLANG_WARN_EMPTY_BODY = YES;
				CLANG_WARN_ENUM_CONVERSION = YES;
				CLANG_WARN_INFINITE_RECURSION = YES;
				CLANG_WARN_INT_CONVERSION = YES;
				CLANG_WARN_OBJC_ROOT_CLASS = YES_ERROR;
				CLANG_WARN_SUSPICIOUS_MOVES = YES;
				CLANG_WARN_UNREACHABLE_CODE = YES;
				CLANG_WARN__DUPLICATE_METHOD_MATCH = YES;
				"CODE_SIGN_IDENTITY[sdk=iphoneos*]" = "iPhone Developer";
				COPY_PHASE_STRIP = NO;
				DEBUG_INFORMATION_FORMAT = dwarf;
				ENABLE_STRICT_OBJC_MSGSEND = YES;
				ENABLE_TESTABILITY = YES;
				GCC_C_LANGUAGE_STANDARD = gnu99;
				GCC_DYNAMIC_NO_PIC = NO;
				GCC_NO_COMMON_BLOCKS = YES;
				GCC_OPTIMIZATION_LEVEL = 0;
				GCC_PREPROCESSOR_DEFINITIONS = (
					"DEBUG=1",
					"$(inherited)",
				);
				GCC_WARN_64_TO_32_BIT_CONVERSION = YES;
				GCC_WARN_ABOUT_RETURN_TYPE = YES_ERROR;
				GCC_WARN_UNDECLARED_SELECTOR = YES;
				GCC_WARN_UNINITIALIZED_AUTOS = YES_AGGRESSIVE;
				GCC_WARN_UNUSED_FUNCTION = YES;
				GCC_WARN_UNUSED_VARIABLE = YES;
				IPHONEOS_DEPLOYMENT_TARGET = 10.1;
				MTL_ENABLE_DEBUG_INFO = YES;
				ONLY_ACTIVE_ARCH = YES;
				SDKROOT = iphoneos;
				SWIFT_ACTIVE_COMPILATION_CONDITIONS = DEBUG;
				SWIFT_OPTIMIZATION_LEVEL = "-Onone";
			};
			name = Debug;
		};
		845F50561E08074D00016665 /* Release */ = {
			isa = XCBuildConfiguration;
			buildSettings = {
				ALWAYS_SEARCH_USER_PATHS = NO;
				CLANG_ANALYZER_NONNULL = YES;
				CLANG_CXX_LANGUAGE_STANDARD = "gnu++0x";
				CLANG_CXX_LIBRARY = "libc++";
				CLANG_ENABLE_MODULES = YES;
				CLANG_ENABLE_OBJC_ARC = YES;
				CLANG_WARN_BOOL_CONVERSION = YES;
				CLANG_WARN_CONSTANT_CONVERSION = YES;
				CLANG_WARN_DIRECT_OBJC_ISA_USAGE = YES_ERROR;
				CLANG_WARN_DOCUMENTATION_COMMENTS = YES;
				CLANG_WARN_EMPTY_BODY = YES;
				CLANG_WARN_ENUM_CONVERSION = YES;
				CLANG_WARN_INFINITE_RECURSION = YES;
				CLANG_WARN_INT_CONVERSION = YES;
				CLANG_WARN_OBJC_ROOT_CLASS = YES_ERROR;
				CLANG_WARN_SUSPICIOUS_MOVES = YES;
				CLANG_WARN_UNREACHABLE_CODE = YES;
				CLANG_WARN__DUPLICATE_METHOD_MATCH = YES;
				"CODE_SIGN_IDENTITY[sdk=iphoneos*]" = "iPhone Developer";
				COPY_PHASE_STRIP = NO;
				DEBUG_INFORMATION_FORMAT = "dwarf-with-dsym";
				ENABLE_NS_ASSERTIONS = NO;
				ENABLE_STRICT_OBJC_MSGSEND = YES;
				GCC_C_LANGUAGE_STANDARD = gnu99;
				GCC_NO_COMMON_BLOCKS = YES;
				GCC_WARN_64_TO_32_BIT_CONVERSION = YES;
				GCC_WARN_ABOUT_RETURN_TYPE = YES_ERROR;
				GCC_WARN_UNDECLARED_SELECTOR = YES;
				GCC_WARN_UNINITIALIZED_AUTOS = YES_AGGRESSIVE;
				GCC_WARN_UNUSED_FUNCTION = YES;
				GCC_WARN_UNUSED_VARIABLE = YES;
				IPHONEOS_DEPLOYMENT_TARGET = 10.1;
				MTL_ENABLE_DEBUG_INFO = NO;
				SDKROOT = iphoneos;
				SWIFT_OPTIMIZATION_LEVEL = "-Owholemodule";
				VALIDATE_PRODUCT = YES;
			};
			name = Release;
		};
		845F50581E08074D00016665 /* Debug */ = {
			isa = XCBuildConfiguration;
			buildSettings = {
				ASSETCATALOG_COMPILER_APPICON_NAME = AppIcon;
				DEVELOPMENT_TEAM = DRUDQFX3X3;
				INFOPLIST_FILE = 4PDAExample/Info.plist;
				LD_RUNPATH_SEARCH_PATHS = "$(inherited) @executable_path/Frameworks";
				PRODUCT_BUNDLE_IDENTIFIER = "com.moshkovbro.-PDAExample";
				PRODUCT_NAME = "$(TARGET_NAME)";
				SWIFT_VERSION = 3.0;
			};
			name = Debug;
		};
		845F50591E08074D00016665 /* Release */ = {
			isa = XCBuildConfiguration;
			buildSettings = {
				ASSETCATALOG_COMPILER_APPICON_NAME = AppIcon;
				DEVELOPMENT_TEAM = DRUDQFX3X3;
				INFOPLIST_FILE = 4PDAExample/Info.plist;
				LD_RUNPATH_SEARCH_PATHS = "$(inherited) @executable_path/Frameworks";
				PRODUCT_BUNDLE_IDENTIFIER = "com.moshkovbro.-PDAExample";
				PRODUCT_NAME = "$(TARGET_NAME)";
				SWIFT_VERSION = 3.0;
			};
			name = Release;
		};
/* End XCBuildConfiguration section */

/* Begin XCConfigurationList section */
		845F503D1E08074C00016665 /* Build configuration list for PBXProject "4PDAExample" */ = {
			isa = XCConfigurationList;
			buildConfigurations = (
				845F50551E08074D00016665 /* Debug */,
				845F50561E08074D00016665 /* Release */,
			);
			defaultConfigurationIsVisible = 0;
			defaultConfigurationName = Release;
		};
		845F50571E08074D00016665 /* Build configuration list for PBXNativeTarget "4PDAExample" */ = {
			isa = XCConfigurationList;
			buildConfigurations = (
				845F50581E08074D00016665 /* Debug */,
				845F50591E08074D00016665 /* Release */,
			);
			defaultConfigurationIsVisible = 0;
		};
/* End XCConfigurationList section */

/* Begin XCVersionGroup section */
		845F504C1E08074D00016665 /* _PDAExample.xcdatamodeld */ = {
			isa = XCVersionGroup;
			children = (
				845F504D1E08074D00016665 /* _PDAExample.xcdatamodel */,
			);
			currentVersion = 845F504D1E08074D00016665 /* _PDAExample.xcdatamodel */;
			path = _PDAExample.xcdatamodeld;
			sourceTree = "<group>";
			versionGroupType = wrapper.xcdatamodel;
		};
/* End XCVersionGroup section */
	};
	rootObject = 845F503A1E08074C00016665 /* Project object */;
}
