// !$*UTF8*$!
{
	archiveVersion = 1;
	classes = {
	};
	objectVersion = 46;
	objects = {

/* Begin PBXBuildFile section */
		845F50461E08074D00016665 /* AppDelegate.swift in Sources */ = {isa = PBXBuildFile; fileRef = 845F50451E08074D00016665 /* AppDelegate.swift */; };
		845F50481E08074D00016665 /* ViewController.swift in Sources */ = {isa = PBXBuildFile; fileRef = 845F50471E08074D00016665 /* ViewController.swift */; };
		845F504B1E08074D00016665 /* Main.storyboard in Resources */ = {isa = PBXBuildFile; fileRef = 845F50491E08074D00016665 /* Main.storyboard */; };
		845F504E1E08074D00016665 /* _PDAExample.xcdatamodeld in Sources */ = {isa = PBXBuildFile; fileRef = 845F504C1E08074D00016665 /* _PDAExample.xcdatamodeld */; };
		845F50501E08074D00016665 /* Assets.xcassets in Resources */ = {isa = PBXBuildFile; fileRef = 845F504F1E08074D00016665 /* Assets.xcassets */; };
		845F50531E08074D00016665 /* LaunchScreen.storyboard in Resources */ = {isa = PBXBuildFile; fileRef = 845F50511E08074D00016665 /* LaunchScreen.storyboard */; };
		845F505E1E080E5700016665 /* RSSCell.swift in Sources */ = {isa = PBXBuildFile; fileRef = 845F505D1E080E5700016665 /* RSSCell.swift */; };
		845F50641E08141000016665 /* RSSParser.swift in Sources */ = {isa = PBXBuildFile; fileRef = 845F50631E08141000016665 /* RSSParser.swift */; };
		845F50661E081D3600016665 /* RSSCell.xib in Resources */ = {isa = PBXBuildFile; fileRef = 845F50651E081D3600016665 /* RSSCell.xib */; };
		845F50691E08284100016665 /* FeedInfo.swift in Sources */ = {isa = PBXBuildFile; fileRef = 845F50681E08284100016665 /* FeedInfo.swift */; };
		845F506B1E082C7700016665 /* NetworkService.swift in Sources */ = {isa = PBXBuildFile; fileRef = 845F506A1E082C7700016665 /* NetworkService.swift */; };
		BF4DB1F49B9339FFCB07548A /* Pods_4PDAExample.framework in Frameworks */ = {isa = PBXBuildFile; fileRef = CC024B0D6B72A30224358766 /* Pods_4PDAExample.framework */; };
/* End PBXBuildFile section */

/* Begin PBXFileReference section */
		34C2D9668A22C37EA1417656 /* Pods-4PDAExample.release.xcconfig */ = {isa = PBXFileReference; includeInIndex = 1; lastKnownFileType = text.xcconfig; name = "Pods-4PDAExample.release.xcconfig"; path = "Pods/Target Support Files/Pods-4PDAExample/Pods-4PDAExample.release.xcconfig"; sourceTree = "<group>"; };
		845F50421E08074C00016665 /* 4PDAExample.app */ = {isa = PBXFileReference; explicitFileType = wrapper.application; includeInIndex = 0; path = 4PDAExample.app; sourceTree = BUILT_PRODUCTS_DIR; };
		845F50451E08074D00016665 /* AppDelegate.swift */ = {isa = PBXFileReference; lastKnownFileType = sourcecode.swift; path = AppDelegate.swift; sourceTree = "<group>"; };
		845F50471E08074D00016665 /* ViewController.swift */ = {isa = PBXFileReference; lastKnownFileType = sourcecode.swift; path = ViewController.swift; sourceTree = "<group>"; };
		845F504A1E08074D00016665 /* Base */ = {isa = PBXFileReference; lastKnownFileType = file.storyboard; name = Base; path = Base.lproj/Main.storyboard; sourceTree = "<group>"; };
		845F504D1E08074D00016665 /* _PDAExample.xcdatamodel */ = {isa = PBXFileReference; lastKnownFileType = wrapper.xcdatamodel; path = _PDAExample.xcdatamodel; sourceTree = "<group>"; };
		845F504F1E08074D00016665 /* Assets.xcassets */ = {isa = PBXFileReference; lastKnownFileType = folder.assetcatalog; path = Assets.xcassets; sourceTree = "<group>"; };
		845F50521E08074D00016665 /* Base */ = {isa = PBXFileReference; lastKnownFileType = file.storyboard; name = Base; path = Base.lproj/LaunchScreen.storyboard; sourceTree = "<group>"; };
		845F50541E08074D00016665 /* Info.plist */ = {isa = PBXFileReference; lastKnownFileType = text.plist.xml; path = Info.plist; sourceTree = "<group>"; };
		845F505D1E080E5700016665 /* RSSCell.swift */ = {isa = PBXFileReference; fileEncoding = 4; lastKnownFileType = sourcecode.swift; path = RSSCell.swift; sourceTree = "<group>"; };
		845F505F1E080F6000016665 /* 4PDAExample-Bridging-Header.h */ = {isa = PBXFileReference; fileEncoding = 4; lastKnownFileType = sourcecode.c.h; path = "4PDAExample-Bridging-Header.h"; sourceTree = "<group>"; };
		845F50631E08141000016665 /* RSSParser.swift */ = {isa = PBXFileReference; fileEncoding = 4; lastKnownFileType = sourcecode.swift; path = RSSParser.swift; sourceTree = "<group>"; };
		845F50651E081D3600016665 /* RSSCell.xib */ = {isa = PBXFileReference; fileEncoding = 4; lastKnownFileType = file.xib; path = RSSCell.xib; sourceTree = "<group>"; };
		845F50681E08284100016665 /* FeedInfo.swift */ = {isa = PBXFileReference; fileEncoding = 4; lastKnownFileType = sourcecode.swift; path = FeedInfo.swift; sourceTree = "<group>"; };
		845F506A1E082C7700016665 /* NetworkService.swift */ = {isa = PBXFileReference; fileEncoding = 4; lastKnownFileType = sourcecode.swift; path = NetworkService.swift; sourceTree = "<group>"; };
		CC024B0D6B72A30224358766 /* Pods_4PDAExample.framework */ = {isa = PBXFileReference; explicitFileType = wrapper.framework; includeInIndex = 0; path = Pods_4PDAExample.framework; sourceTree = BUILT_PRODUCTS_DIR; };
		E5898D3F1BB2E50916D45ED7 /* Pods-4PDAExample.debug.xcconfig */ = {isa = PBXFileReference; includeInIndex = 1; lastKnownFileType = text.xcconfig; name = "Pods-4PDAExample.debug.xcconfig"; path = "Pods/Target Support Files/Pods-4PDAExample/Pods-4PDAExample.debug.xcconfig"; sourceTree = "<group>"; };
/* End PBXFileReference section */

/* Begin PBXFrameworksBuildPhase section */
		845F503F1E08074C00016665 /* Frameworks */ = {
			isa = PBXFrameworksBuildPhase;
			buildActionMask = 2147483647;
			files = (
				BF4DB1F49B9339FFCB07548A /* Pods_4PDAExample.framework in Frameworks */,
			);
			runOnlyForDeploymentPostprocessing = 0;
		};
/* End PBXFrameworksBuildPhase section */

/* Begin PBXGroup section */
		32995BEED78309A0FE10DC18 /* Pods */ = {
			isa = PBXGroup;
			children = (
				E5898D3F1BB2E50916D45ED7 /* Pods-4PDAExample.debug.xcconfig */,
				34C2D9668A22C37EA1417656 /* Pods-4PDAExample.release.xcconfig */,
			);
			name = Pods;
			sourceTree = "<group>";
		};
		845F50391E08074C00016665 = {
			isa = PBXGroup;
			children = (
				845F50441E08074C00016665 /* 4PDAExample */,
				845F50431E08074C00016665 /* Products */,
				32995BEED78309A0FE10DC18 /* Pods */,
				A6419CF85B90D11F38E31D29 /* Frameworks */,
			);
			sourceTree = "<group>";
		};
		845F50431E08074C00016665 /* Products */ = {
			isa = PBXGroup;
			children = (
				845F50421E08074C00016665 /* 4PDAExample.app */,
			);
			name = Products;
			sourceTree = "<group>";
		};
		845F50441E08074C00016665 /* 4PDAExample */ = {
			isa = PBXGroup;
			children = (
				845F50671E08281F00016665 /* Models */,
				845F50621E08140600016665 /* Services */,
				845F50451E08074D00016665 /* AppDelegate.swift */,
				845F50471E08074D00016665 /* ViewController.swift */,
				845F50491E08074D00016665 /* Main.storyboard */,
				845F504F1E08074D00016665 /* Assets.xcassets */,
				845F50511E08074D00016665 /* LaunchScreen.storyboard */,
				845F50541E08074D00016665 /* Info.plist */,
				845F504C1E08074D00016665 /* _PDAExample.xcdatamodeld */,
				845F505D1E080E5700016665 /* RSSCell.swift */,
				845F505F1E080F6000016665 /* 4PDAExample-Bridging-Header.h */,
				845F50651E081D3600016665 /* RSSCell.xib */,
			);
			path = 4PDAExample;
			sourceTree = "<group>";
		};
		845F50621E08140600016665 /* Services */ = {
			isa = PBXGroup;
			children = (
				845F50631E08141000016665 /* RSSParser.swift */,
				845F506A1E082C7700016665 /* NetworkService.swift */,
			);
			path = Services;
			sourceTree = "<group>";
		};
		845F50671E08281F00016665 /* Models */ = {
			isa = PBXGroup;
			children = (
				845F50681E08284100016665 /* FeedInfo.swift */,
			);
			path = Models;
			sourceTree = "<group>";
		};
		A6419CF85B90D11F38E31D29 /* Frameworks */ = {
			isa = PBXGroup;
			children = (
				CC024B0D6B72A30224358766 /* Pods_4PDAExample.framework */,
			);
			name = Frameworks;
			sourceTree = "<group>";
		};
/* End PBXGroup section */

/* Begin PBXNativeTarget section */
		845F50411E08074C00016665 /* 4PDAExample */ = {
			isa = PBXNativeTarget;
			buildConfigurationList = 845F50571E08074D00016665 /* Build configuration list for PBXNativeTarget "4PDAExample" */;
			buildPhases = (
				32AD3846F8E7DE07D864C7D8 /* [CP] Check Pods Manifest.lock */,
				845F503E1E08074C00016665 /* Sources */,
				845F503F1E08074C00016665 /* Frameworks */,
				845F50401E08074C00016665 /* Resources */,
				A8B39279F2091F1A8ECFBD7F /* [CP] Embed Pods Frameworks */,
				21E935C51A1036C1606F53F2 /* [CP] Copy Pods Resources */,
			);
			buildRules = (
			);
			dependencies = (
			);
			name = 4PDAExample;
			productName = 4PDAExample;
			productReference = 845F50421E08074C00016665 /* 4PDAExample.app */;
			productType = "com.apple.product-type.application";
		};
/* End PBXNativeTarget section */

/* Begin PBXProject section */
		845F503A1E08074C00016665 /* Project object */ = {
			isa = PBXProject;
			attributes = {
				LastSwiftUpdateCheck = 0810;
				LastUpgradeCheck = 0810;
				ORGANIZATIONNAME = Admin;
				TargetAttributes = {
					845F50411E08074C00016665 = {
						CreatedOnToolsVersion = 8.1;
						DevelopmentTeam = DRUDQFX3X3;
						ProvisioningStyle = Automatic;
					};
				};
			};
			buildConfigurationList = 845F503D1E08074C00016665 /* Build configuration list for PBXProject "4PDAExample" */;
			compatibilityVersion = "Xcode 3.2";
			developmentRegion = English;
			hasScannedForEncodings = 0;
			knownRegions = (
				en,
				Base,
			);
			mainGroup = 845F50391E08074C00016665;
			productRefGroup = 845F50431E08074C00016665 /* Products */;
			projectDirPath = "";
			projectRoot = "";
			targets = (
				845F50411E08074C00016665 /* 4PDAExample */,
			);
		};
/* End PBXProject section */

/* Begin PBXResourcesBuildPhase section */
		845F50401E08074C00016665 /* Resources */ = {
			isa = PBXResourcesBuildPhase;
			buildActionMask = 2147483647;
			files = (
				845F50661E081D3600016665 /* RSSCell.xib in Resources */,
				845F50531E08074D00016665 /* LaunchScreen.storyboard in Resources */,
				845F50501E08074D00016665 /* Assets.xcassets in Resources */,
				845F504B1E08074D00016665 /* Main.storyboard in Resources */,
			);
			runOnlyForDeploymentPostprocessing = 0;
		};
/* End PBXResourcesBuildPhase section */

/* Begin PBXShellScriptBuildPhase section */
		21E935C51A1036C1606F53F2 /* [CP] Copy Pods Resources */ = {
			isa = PBXShellScriptBuildPhase;
			buildActionMask = 2147483647;
			files = (
			);
			inputPaths = (
			);
			name = "[CP] Copy Pods Resources";
			outputPaths = (
			);
			runOnlyForDeploymentPostprocessing = 0;
			shellPath = /bin/sh;
			shellScript = "\"${SRCROOT}/Pods/Target Support Files/Pods-4PDAExample/Pods-4PDAExample-resources.sh\"\n";
			showEnvVarsInLog = 0;
		};
		32AD3846F8E7DE07D864C7D8 /* [CP] Check Pods Manifest.lock */ = {
			isa = PBXShellScriptBuildPhase;
			buildActionMask = 2147483647;
			files = (
			);
			inputPaths = (
			);
			name = "[CP] Check Pods Manifest.lock";
			outputPaths = (
			);
			runOnlyForDeploymentPostprocessing = 0;
			shellPath = /bin/sh;
			shellScript = "diff \"${PODS_ROOT}/../Podfile.lock\" \"${PODS_ROOT}/Manifest.lock\" > /dev/null\nif [ $? != 0 ] ; then\n    # print error to STDERR\n    echo \"error: The sandbox is not in sync with the Podfile.lock. Run 'pod install' or update your CocoaPods installation.\" >&2\n    exit 1\nfi\n";
			showEnvVarsInLog = 0;
		};
		A8B39279F2091F1A8ECFBD7F /* [CP] Embed Pods Frameworks */ = {
			isa = PBXShellScriptBuildPhase;
			buildActionMask = 2147483647;
			files = (
			);
			inputPaths = (
			);
			name = "[CP] Embed Pods Frameworks";
			outputPaths = (
			);
			runOnlyForDeploymentPostprocessing = 0;
			shellPath = /bin/sh;
			shellScript = "\"${SRCROOT}/Pods/Target Support Files/Pods-4PDAExample/Pods-4PDAExample-frameworks.sh\"\n";
			showEnvVarsInLog = 0;
		};
/* End PBXShellScriptBuildPhase section */

/* Begin PBXSourcesBuildPhase section */
		845F503E1E08074C00016665 /* Sources */ = {
			isa = PBXSourcesBuildPhase;
			buildActionMask = 2147483647;
			files = (
				845F505E1E080E5700016665 /* RSSCell.swift in Sources */,
				845F504E1E08074D00016665 /* _PDAExample.xcdatamodeld in Sources */,
				845F50481E08074D00016665 /* ViewController.swift in Sources */,
				845F50461E08074D00016665 /* AppDelegate.swift in Sources */,
				845F50641E08141000016665 /* RSSParser.swift in Sources */,
				845F50691E08284100016665 /* FeedInfo.swift in Sources */,
				845F506B1E082C7700016665 /* NetworkService.swift in Sources */,
			);
			runOnlyForDeploymentPostprocessing = 0;
		};
/* End PBXSourcesBuildPhase section */

/* Begin PBXVariantGroup section */
		845F50491E08074D00016665 /* Main.storyboard */ = {
			isa = PBXVariantGroup;
			children = (
				845F504A1E08074D00016665 /* Base */,
			);
			name = Main.storyboard;
			sourceTree = "<group>";
		};
		845F50511E08074D00016665 /* LaunchScreen.storyboard */ = {
			isa = PBXVariantGroup;
			children = (
				845F50521E08074D00016665 /* Base */,
			);
			name = LaunchScreen.storyboard;
			sourceTree = "<group>";
		};
/* End PBXVariantGroup section */

/* Begin XCBuildConfiguration section */
		845F50551E08074D00016665 /* Debug */ = {
			isa = XCBuildConfiguration;
			buildSettings = {
				ALWAYS_SEARCH_USER_PATHS = NO;
				CLANG_ANALYZER_NONNULL = YES;
				CLANG_CXX_LANGUAGE_STANDARD = "gnu++0x";
				CLANG_CXX_LIBRARY = "libc++";
				CLANG_ENABLE_MODULES = YES;
				CLANG_ENABLE_OBJC_ARC = YES;
				CLANG_WARN_BOOL_CONVERSION = YES;
				CLANG_WARN_CONSTANT_CONVERSION = YES;
				CLANG_WARN_DIRECT_OBJC_ISA_USAGE = YES_ERROR;
				CLANG_WARN_DOCUMENTATION_COMMENTS = YES;
				CLANG_WARN_EMPTY_BODY = YES;
				CLANG_WARN_ENUM_CONVERSION = YES;
				CLANG_WARN_INFINITE_RECURSION = YES;
				CLANG_WARN_INT_CONVERSION = YES;
				CLANG_WARN_OBJC_ROOT_CLASS = YES_ERROR;
				CLANG_WARN_SUSPICIOUS_MOVES = YES;
				CLANG_WARN_UNREACHABLE_CODE = YES;
				CLANG_WARN__DUPLICATE_METHOD_MATCH = YES;
				"CODE_SIGN_IDENTITY[sdk=iphoneos*]" = "iPhone Developer";
				COPY_PHASE_STRIP = NO;
				DEBUG_INFORMATION_FORMAT = dwarf;
				ENABLE_STRICT_OBJC_MSGSEND = YES;
				ENABLE_TESTABILITY = YES;
				GCC_C_LANGUAGE_STANDARD = gnu99;
				GCC_DYNAMIC_NO_PIC = NO;
				GCC_NO_COMMON_BLOCKS = YES;
				GCC_OPTIMIZATION_LEVEL = 0;
				GCC_PREPROCESSOR_DEFINITIONS = (
					"DEBUG=1",
					"$(inherited)",
				);
				GCC_WARN_64_TO_32_BIT_CONVERSION = YES;
				GCC_WARN_ABOUT_RETURN_TYPE = YES_ERROR;
				GCC_WARN_UNDECLARED_SELECTOR = YES;
				GCC_WARN_UNINITIALIZED_AUTOS = YES_AGGRESSIVE;
				GCC_WARN_UNUSED_FUNCTION = YES;
				GCC_WARN_UNUSED_VARIABLE = YES;
				IPHONEOS_DEPLOYMENT_TARGET = 10.1;
				MTL_ENABLE_DEBUG_INFO = YES;
				ONLY_ACTIVE_ARCH = YES;
				SDKROOT = iphoneos;
				SWIFT_ACTIVE_COMPILATION_CONDITIONS = DEBUG;
				SWIFT_OPTIMIZATION_LEVEL = "-Onone";
			};
			name = Debug;
		};
		845F50561E08074D00016665 /* Release */ = {
			isa = XCBuildConfiguration;
			buildSettings = {
				ALWAYS_SEARCH_USER_PATHS = NO;
				CLANG_ANALYZER_NONNULL = YES;
				CLANG_CXX_LANGUAGE_STANDARD = "gnu++0x";
				CLANG_CXX_LIBRARY = "libc++";
				CLANG_ENABLE_MODULES = YES;
				CLANG_ENABLE_OBJC_ARC = YES;
				CLANG_WARN_BOOL_CONVERSION = YES;
				CLANG_WARN_CONSTANT_CONVERSION = YES;
				CLANG_WARN_DIRECT_OBJC_ISA_USAGE = YES_ERROR;
				CLANG_WARN_DOCUMENTATION_COMMENTS = YES;
				CLANG_WARN_EMPTY_BODY = YES;
				CLANG_WARN_ENUM_CONVERSION = YES;
				CLANG_WARN_INFINITE_RECURSION = YES;
				CLANG_WARN_INT_CONVERSION = YES;
				CLANG_WARN_OBJC_ROOT_CLASS = YES_ERROR;
				CLANG_WARN_SUSPICIOUS_MOVES = YES;
				CLANG_WARN_UNREACHABLE_CODE = YES;
				CLANG_WARN__DUPLICATE_METHOD_MATCH = YES;
				"CODE_SIGN_IDENTITY[sdk=iphoneos*]" = "iPhone Developer";
				COPY_PHASE_STRIP = NO;
				DEBUG_INFORMATION_FORMAT = "dwarf-with-dsym";
				ENABLE_NS_ASSERTIONS = NO;
				ENABLE_STRICT_OBJC_MSGSEND = YES;
				GCC_C_LANGUAGE_STANDARD = gnu99;
				GCC_NO_COMMON_BLOCKS = YES;
				GCC_WARN_64_TO_32_BIT_CONVERSION = YES;
				GCC_WARN_ABOUT_RETURN_TYPE = YES_ERROR;
				GCC_WARN_UNDECLARED_SELECTOR = YES;
				GCC_WARN_UNINITIALIZED_AUTOS = YES_AGGRESSIVE;
				GCC_WARN_UNUSED_FUNCTION = YES;
				GCC_WARN_UNUSED_VARIABLE = YES;
				IPHONEOS_DEPLOYMENT_TARGET = 10.1;
				MTL_ENABLE_DEBUG_INFO = NO;
				SDKROOT = iphoneos;
				SWIFT_OPTIMIZATION_LEVEL = "-Owholemodule";
				VALIDATE_PRODUCT = YES;
			};
			name = Release;
		};
		845F50581E08074D00016665 /* Debug */ = {
			isa = XCBuildConfiguration;
			baseConfigurationReference = E5898D3F1BB2E50916D45ED7 /* Pods-4PDAExample.debug.xcconfig */;
			buildSettings = {
				ASSETCATALOG_COMPILER_APPICON_NAME = AppIcon;
				DEVELOPMENT_TEAM = DRUDQFX3X3;
				INFOPLIST_FILE = 4PDAExample/Info.plist;
				LD_RUNPATH_SEARCH_PATHS = "$(inherited) @executable_path/Frameworks";
				PRODUCT_BUNDLE_IDENTIFIER = "com.moshkovbro.-PDAExample";
				PRODUCT_NAME = "$(TARGET_NAME)";
				SWIFT_OBJC_BRIDGING_HEADER = "4PDAExample/4PDAExample-Bridging-Header.h";
				SWIFT_VERSION = 3.0;
			};
			name = Debug;
		};
		845F50591E08074D00016665 /* Release */ = {
			isa = XCBuildConfiguration;
			baseConfigurationReference = 34C2D9668A22C37EA1417656 /* Pods-4PDAExample.release.xcconfig */;
			buildSettings = {
				ASSETCATALOG_COMPILER_APPICON_NAME = AppIcon;
				DEVELOPMENT_TEAM = DRUDQFX3X3;
				INFOPLIST_FILE = 4PDAExample/Info.plist;
				LD_RUNPATH_SEARCH_PATHS = "$(inherited) @executable_path/Frameworks";
				PRODUCT_BUNDLE_IDENTIFIER = "com.moshkovbro.-PDAExample";
				PRODUCT_NAME = "$(TARGET_NAME)";
				SWIFT_OBJC_BRIDGING_HEADER = "4PDAExample/4PDAExample-Bridging-Header.h";
				SWIFT_VERSION = 3.0;
			};
			name = Release;
		};
/* End XCBuildConfiguration section */

/* Begin XCConfigurationList section */
		845F503D1E08074C00016665 /* Build configuration list for PBXProject "4PDAExample" */ = {
			isa = XCConfigurationList;
			buildConfigurations = (
				845F50551E08074D00016665 /* Debug */,
				845F50561E08074D00016665 /* Release */,
			);
			defaultConfigurationIsVisible = 0;
			defaultConfigurationName = Release;
		};
		845F50571E08074D00016665 /* Build configuration list for PBXNativeTarget "4PDAExample" */ = {
			isa = XCConfigurationList;
			buildConfigurations = (
				845F50581E08074D00016665 /* Debug */,
				845F50591E08074D00016665 /* Release */,
			);
			defaultConfigurationIsVisible = 0;
			defaultConfigurationName = Release;
		};
/* End XCConfigurationList section */

/* Begin XCVersionGroup section */
		845F504C1E08074D00016665 /* _PDAExample.xcdatamodeld */ = {
			isa = XCVersionGroup;
			children = (
				845F504D1E08074D00016665 /* _PDAExample.xcdatamodel */,
			);
			currentVersion = 845F504D1E08074D00016665 /* _PDAExample.xcdatamodel */;
			path = _PDAExample.xcdatamodeld;
			sourceTree = "<group>";
			versionGroupType = wrapper.xcdatamodel;
		};
/* End XCVersionGroup section */
	};
	rootObject = 845F503A1E08074C00016665 /* Project object */;
}
